
Microsoft Visual Studio Solution File, Format Version 12.00
# Visual Studio Version 17
VisualStudioVersion = 17.7.34221.43
MinimumVisualStudioVersion = 10.0.40219.1
Project("{FAE04EC0-301F-11D3-BF4B-00C04F79EFBC}") = "Prilukova", "Prilukova.csproj", "{75AB3E91-E7C4-4718-8D54-55EC1509B58D}"
EndProject
Global
	GlobalSection(SolutionConfigurationPlatforms) = preSolution
		Debug|Any CPU = Debug|Any CPU
		Release|Any CPU = Release|Any CPU
	EndGlobalSection
	GlobalSection(ProjectConfigurationPlatforms) = postSolution
		{75AB3E91-E7C4-4718-8D54-55EC1509B58D}.Debug|Any CPU.ActiveCfg = Debug|Any CPU
		{75AB3E91-E7C4-4718-8D54-55EC1509B58D}.Debug|Any CPU.Build.0 = Debug|Any CPU
		{75AB3E91-E7C4-4718-8D54-55EC1509B58D}.Release|Any CPU.ActiveCfg = Release|Any CPU
		{75AB3E91-E7C4-4718-8D54-55EC1509B58D}.Release|Any CPU.Build.0 = Release|Any CPU
	EndGlobalSection
	GlobalSection(SolutionProperties) = preSolution
		HideSolutionNode = FALSE
	EndGlobalSection
	GlobalSection(ExtensibilityGlobals) = postSolution
		SolutionGuid = {4F6589BF-A78E-444F-840A-64D347F8A132}
	EndGlobalSection
EndGlobal
